
Microsoft Visual Studio Solution File, Format Version 12.00
# Visual Studio Version 16
VisualStudioVersion = 16.0.29215.179
MinimumVisualStudioVersion = 10.0.40219.1
Project("{FAE04EC0-301F-11D3-BF4B-00C04F79EFBC}") = "Task 1.5. ComplexNumber", "Task 1.5. ComplexNumber\Task 1.5. ComplexNumber.csproj", "{16E0CFC8-3D26-4300-880A-4D2601B2E9EA}"
EndProject
Global
	GlobalSection(SolutionConfigurationPlatforms) = preSolution
		Debug|Any CPU = Debug|Any CPU
		Release|Any CPU = Release|Any CPU
	EndGlobalSection
	GlobalSection(ProjectConfigurationPlatforms) = postSolution
		{16E0CFC8-3D26-4300-880A-4D2601B2E9EA}.Debug|Any CPU.ActiveCfg = Debug|Any CPU
		{16E0CFC8-3D26-4300-880A-4D2601B2E9EA}.Debug|Any CPU.Build.0 = Debug|Any CPU
		{16E0CFC8-3D26-4300-880A-4D2601B2E9EA}.Release|Any CPU.ActiveCfg = Release|Any CPU
		{16E0CFC8-3D26-4300-880A-4D2601B2E9EA}.Release|Any CPU.Build.0 = Release|Any CPU
	EndGlobalSection
	GlobalSection(SolutionProperties) = preSolution
		HideSolutionNode = FALSE
	EndGlobalSection
	GlobalSection(ExtensibilityGlobals) = postSolution
		SolutionGuid = {A5E58294-5D17-4F63-A19E-9B93631E39B3}
	EndGlobalSection
EndGlobal
